
Microsoft Visual Studio Solution File, Format Version 12.00
# Visual Studio 15
Project("{FAE04EC0-301F-11D3-BF4B-00C04F79EFBC}") = "Assembly-CSharp-firstpass", "Assembly-CSharp-firstpass.csproj", "{DFF747D9-CEC3-ECFD-5452-48A0C392EF11}"
EndProject
Project("{FAE04EC0-301F-11D3-BF4B-00C04F79EFBC}") = "Assembly-CSharp", "Assembly-CSharp.csproj", "{8049FDA6-16E6-309D-F100-2F4E26D5165A}"
EndProject
Project("{FAE04EC0-301F-11D3-BF4B-00C04F79EFBC}") = "Assembly-CSharp-Editor-firstpass", "Assembly-CSharp-Editor-firstpass.csproj", "{2B457D9C-10C1-8E6E-03F7-98CC07685EBA}"
EndProject
Global
	GlobalSection(SolutionConfigurationPlatforms) = preSolution
		Debug|Any CPU = Debug|Any CPU
		Release|Any CPU = Release|Any CPU
	EndGlobalSection
	GlobalSection(ProjectConfigurationPlatforms) = postSolution
		{DFF747D9-CEC3-ECFD-5452-48A0C392EF11}.Debug|Any CPU.ActiveCfg = Debug|Any CPU
		{DFF747D9-CEC3-ECFD-5452-48A0C392EF11}.Debug|Any CPU.Build.0 = Debug|Any CPU
		{DFF747D9-CEC3-ECFD-5452-48A0C392EF11}.Release|Any CPU.ActiveCfg = Release|Any CPU
		{DFF747D9-CEC3-ECFD-5452-48A0C392EF11}.Release|Any CPU.Build.0 = Release|Any CPU
		{8049FDA6-16E6-309D-F100-2F4E26D5165A}.Debug|Any CPU.ActiveCfg = Debug|Any CPU
		{8049FDA6-16E6-309D-F100-2F4E26D5165A}.Debug|Any CPU.Build.0 = Debug|Any CPU
		{8049FDA6-16E6-309D-F100-2F4E26D5165A}.Release|Any CPU.ActiveCfg = Release|Any CPU
		{8049FDA6-16E6-309D-F100-2F4E26D5165A}.Release|Any CPU.Build.0 = Release|Any CPU
		{2B457D9C-10C1-8E6E-03F7-98CC07685EBA}.Debug|Any CPU.ActiveCfg = Debug|Any CPU
		{2B457D9C-10C1-8E6E-03F7-98CC07685EBA}.Debug|Any CPU.Build.0 = Debug|Any CPU
		{2B457D9C-10C1-8E6E-03F7-98CC07685EBA}.Release|Any CPU.ActiveCfg = Release|Any CPU
		{2B457D9C-10C1-8E6E-03F7-98CC07685EBA}.Release|Any CPU.Build.0 = Release|Any CPU
	EndGlobalSection
	GlobalSection(SolutionProperties) = preSolution
		HideSolutionNode = FALSE
	EndGlobalSection
EndGlobal
